
Microsoft Visual Studio Solution File, Format Version 12.00
# Visual Studio 14
VisualStudioVersion = 14.0.23107.0
MinimumVisualStudioVersion = 10.0.40219.1
Project("{FAE04EC0-301F-11D3-BF4B-00C04F79EFBC}") = "Excercise1", "Excercise1\Excercise1.csproj", "{D6441A28-5219-4CA8-BC30-398C4462BB1D}"
EndProject
Project("{FAE04EC0-301F-11D3-BF4B-00C04F79EFBC}") = "Excercise2", "Excercise2\Excercise2.csproj", "{6C12BF6A-141E-4AA7-8DA3-0F42DBF302D2}"
EndProject
Project("{FAE04EC0-301F-11D3-BF4B-00C04F79EFBC}") = "Excercise3", "Excercise3\Excercise3.csproj", "{3995D2E7-1F1E-4D10-BE5B-27A8DC5A354F}"
EndProject
Project("{FAE04EC0-301F-11D3-BF4B-00C04F79EFBC}") = "Excercise4", "Excercise4\Excercise4.csproj", "{4D633B3A-FA96-4195-8313-AD579DC0E4D2}"
EndProject
Project("{FAE04EC0-301F-11D3-BF4B-00C04F79EFBC}") = "Excercise5", "Excercise5\Excercise5.csproj", "{4F57DDEA-3008-4998-819E-D50E81F97D6E}"
EndProject
Project("{FAE04EC0-301F-11D3-BF4B-00C04F79EFBC}") = "Excercise6", "Excercise6\Excercise6.csproj", "{49B97F39-E19F-472A-8EBF-45B94CAC4AF1}"
EndProject
Global
	GlobalSection(SolutionConfigurationPlatforms) = preSolution
		Debug|Any CPU = Debug|Any CPU
		Release|Any CPU = Release|Any CPU
	EndGlobalSection
	GlobalSection(ProjectConfigurationPlatforms) = postSolution
		{D6441A28-5219-4CA8-BC30-398C4462BB1D}.Debug|Any CPU.ActiveCfg = Debug|Any CPU
		{D6441A28-5219-4CA8-BC30-398C4462BB1D}.Debug|Any CPU.Build.0 = Debug|Any CPU
		{D6441A28-5219-4CA8-BC30-398C4462BB1D}.Release|Any CPU.ActiveCfg = Release|Any CPU
		{D6441A28-5219-4CA8-BC30-398C4462BB1D}.Release|Any CPU.Build.0 = Release|Any CPU
		{6C12BF6A-141E-4AA7-8DA3-0F42DBF302D2}.Debug|Any CPU.ActiveCfg = Debug|Any CPU
		{6C12BF6A-141E-4AA7-8DA3-0F42DBF302D2}.Debug|Any CPU.Build.0 = Debug|Any CPU
		{6C12BF6A-141E-4AA7-8DA3-0F42DBF302D2}.Release|Any CPU.ActiveCfg = Release|Any CPU
		{6C12BF6A-141E-4AA7-8DA3-0F42DBF302D2}.Release|Any CPU.Build.0 = Release|Any CPU
		{3995D2E7-1F1E-4D10-BE5B-27A8DC5A354F}.Debug|Any CPU.ActiveCfg = Debug|Any CPU
		{3995D2E7-1F1E-4D10-BE5B-27A8DC5A354F}.Debug|Any CPU.Build.0 = Debug|Any CPU
		{3995D2E7-1F1E-4D10-BE5B-27A8DC5A354F}.Release|Any CPU.ActiveCfg = Release|Any CPU
		{3995D2E7-1F1E-4D10-BE5B-27A8DC5A354F}.Release|Any CPU.Build.0 = Release|Any CPU
		{4D633B3A-FA96-4195-8313-AD579DC0E4D2}.Debug|Any CPU.ActiveCfg = Debug|Any CPU
		{4D633B3A-FA96-4195-8313-AD579DC0E4D2}.Debug|Any CPU.Build.0 = Debug|Any CPU
		{4D633B3A-FA96-4195-8313-AD579DC0E4D2}.Release|Any CPU.ActiveCfg = Release|Any CPU
		{4D633B3A-FA96-4195-8313-AD579DC0E4D2}.Release|Any CPU.Build.0 = Release|Any CPU
		{4F57DDEA-3008-4998-819E-D50E81F97D6E}.Debug|Any CPU.ActiveCfg = Debug|Any CPU
		{4F57DDEA-3008-4998-819E-D50E81F97D6E}.Debug|Any CPU.Build.0 = Debug|Any CPU
		{4F57DDEA-3008-4998-819E-D50E81F97D6E}.Release|Any CPU.ActiveCfg = Release|Any CPU
		{4F57DDEA-3008-4998-819E-D50E81F97D6E}.Release|Any CPU.Build.0 = Release|Any CPU
		{49B97F39-E19F-472A-8EBF-45B94CAC4AF1}.Debug|Any CPU.ActiveCfg = Debug|Any CPU
		{49B97F39-E19F-472A-8EBF-45B94CAC4AF1}.Debug|Any CPU.Build.0 = Debug|Any CPU
		{49B97F39-E19F-472A-8EBF-45B94CAC4AF1}.Release|Any CPU.ActiveCfg = Release|Any CPU
		{49B97F39-E19F-472A-8EBF-45B94CAC4AF1}.Release|Any CPU.Build.0 = Release|Any CPU
	EndGlobalSection
	GlobalSection(SolutionProperties) = preSolution
		HideSolutionNode = FALSE
	EndGlobalSection
EndGlobal
